<?xml version="1.0" encoding="utf-8"?>
<Project ToolsVersion="4.0" xmlns="http://schemas.microsoft.com/developer/msbuild/2003">
  <ItemGroup>
    <Filter Include="Source Files">
      <UniqueIdentifier>{4FC737F1-C7A5-4376-A066-2A32D752A2FF}</UniqueIdentifier>
      <Extensions>cpp;c;cc;cxx;c++;cppm;ixx;def;odl;idl;hpj;bat;asm;asmx</Extensions>
    </Filter>
    <Filter Include="Header Files">
      <UniqueIdentifier>{93995380-89BD-4b04-88EB-625FBE52EBFB}</UniqueIdentifier>
      <Extensions>h;hh;hpp;hxx;h++;hm;inl;inc;ipp;xsd</Extensions>
    </Filter>
    <Filter Include="Resource Files">
      <UniqueIdentifier>{67DA6AB6-F800-4c08-8B7A-83BB121AAD01}</UniqueIdentifier>
      <Extensions>rc;ico;cur;bmp;dlg;rc2;rct;bin;rgs;gif;jpg;jpeg;jpe;resx;tiff;tif;png;wav;mfcribbon-ms</Extensions>
    </Filter>
    <Filter Include="Source Files\Launcher">
      <UniqueIdentifier>{47478258-a023-46cb-b2a2-3eb45b23b1f0}</UniqueIdentifier>
    </Filter>
    <Filter Include="Header Files\Launcher">
      <UniqueIdentifier>{b00ba582-64fd-4220-b71d-13b304d23802}</UniqueIdentifier>
    </Filter>
    <Filter Include="Source Files\Tricky%27s Units">
      <UniqueIdentifier>{e6f30f5a-42db-4a7d-b8f0-5d64271b5a96}</UniqueIdentifier>
    </Filter>
    <Filter Include="Source Files\JCR6">
      <UniqueIdentifier>{9120352e-0b30-46f3-967c-1415aab274a2}</UniqueIdentifier>
    </Filter>
    <Filter Include="Source Files\TQSG">
      <UniqueIdentifier>{c91cad3b-1028-46a2-a788-7614a13b5db0}</UniqueIdentifier>
    </Filter>
    <Filter Include="Source Files\June19">
      <UniqueIdentifier>{be895fcc-88b8-40e4-abf4-d341eb9e9e2b}</UniqueIdentifier>
    </Filter>
  </ItemGroup>
  <ItemGroup>
    <ClCompile Include="Main.cpp">
      <Filter>Source Files\Launcher</Filter>
    </ClCompile>
    <ClCompile Include="..\..\TrickyUnits\Source\Ask.cpp">
      <Filter>Source Files\Tricky%27s Units</Filter>
    </ClCompile>
    <ClCompile Include="..\..\TrickyUnits\Source\FileList.cpp">
      <Filter>Source Files\Tricky%27s Units</Filter>
    </ClCompile>
    <ClCompile Include="..\..\TrickyUnits\Source\GINIE.cpp">
      <Filter>Source Files\Tricky%27s Units</Filter>
    </ClCompile>
    <ClCompile Include="..\..\TrickyUnits\Source\Platform.cpp">
      <Filter>Source Files\Tricky%27s Units</Filter>
    </ClCompile>
    <ClCompile Include="..\..\TrickyUnits\Source\QCol.cpp">
      <Filter>Source Files\Tricky%27s Units</Filter>
    </ClCompile>
    <ClCompile Include="..\..\TrickyUnits\Source\QuickInput.cpp">
      <Filter>Source Files\Tricky%27s Units</Filter>
    </ClCompile>
    <ClCompile Include="..\..\TrickyUnits\Source\QuickStream.cpp">
      <Filter>Source Files\Tricky%27s Units</Filter>
    </ClCompile>
    <ClCompile Include="..\..\TrickyUnits\Source\QuickString.cpp">
      <Filter>Source Files\Tricky%27s Units</Filter>
    </ClCompile>
    <ClCompile Include="..\..\TrickyUnits\Source\TrickySTOI.cpp">
      <Filter>Source Files\Tricky%27s Units</Filter>
    </ClCompile>
    <ClCompile Include="..\..\TrickyUnits\Source\TrickyTime.cpp">
      <Filter>Source Files\Tricky%27s Units</Filter>
    </ClCompile>
    <ClCompile Include="Glob.cpp">
      <Filter>Source Files\Launcher</Filter>
    </ClCompile>
    <ClCompile Include="..\..\TrickyUnits\Source\Dirry.cpp">
      <Filter>Source Files\Tricky%27s Units</Filter>
    </ClCompile>
    <ClCompile Include="..\SupJCR\SupJCR.cpp">
      <Filter>Source Files\Launcher</Filter>
    </ClCompile>
    <ClCompile Include="..\..\JCR6\src\jcr6_zlib.cpp">
      <Filter>Source Files\JCR6</Filter>
    </ClCompile>
    <ClCompile Include="..\..\JCR6\src\jcr6_core.cpp">
      <Filter>Source Files\JCR6</Filter>
    </ClCompile>
    <ClCompile Include="..\..\TQSG\TQSE.cpp">
      <Filter>Source Files\TQSG</Filter>
    </ClCompile>
    <ClCompile Include="..\..\TQSG\TQSG.cpp">
      <Filter>Source Files\TQSG</Filter>
    </ClCompile>
    <ClCompile Include="..\..\TrickyUnits\Source\TrickyMath.cpp">
      <Filter>Source Files\Tricky%27s Units</Filter>
    </ClCompile>
    <ClCompile Include="Run.cpp">
      <Filter>Source Files\Launcher</Filter>
    </ClCompile>
  </ItemGroup>
  <ItemGroup>
    <ClInclude Include="builddate.hpp">
      <Filter>Header Files\Launcher</Filter>
    </ClInclude>
    <ClInclude Include="Glob.hpp">
      <Filter>Header Files\Launcher</Filter>
    </ClInclude>
    <ClInclude Include="..\SupJCR\SupJCR.hpp">
      <Filter>Header Files\Launcher</Filter>
    </ClInclude>
    <ClInclude Include="..\..\TQSG\TQSE.hpp">
      <Filter>Source Files\TQSG</Filter>
    </ClInclude>
    <ClInclude Include="..\..\TQSG\TQSG.hpp">
      <Filter>Source Files\TQSG</Filter>
    </ClInclude>
    <ClInclude Include="Run.hpp">
      <Filter>Header Files\Launcher</Filter>
    </ClInclude>
  </ItemGroup>
</Project>