<?xml version="1.0" encoding="utf-8"?>
<Project ToolsVersion="4.0" xmlns="http://schemas.microsoft.com/developer/msbuild/2003">
  <ItemGroup>
    <Filter Include="Source Files">
      <UniqueIdentifier>{4FC737F1-C7A5-4376-A066-2A32D752A2FF}</UniqueIdentifier>
      <Extensions>cpp;c;cc;cxx;c++;cppm;ixx;def;odl;idl;hpj;bat;asm;asmx</Extensions>
    </Filter>
    <Filter Include="Header Files">
      <UniqueIdentifier>{93995380-89BD-4b04-88EB-625FBE52EBFB}</UniqueIdentifier>
      <Extensions>h;hh;hpp;hxx;h++;hm;inl;inc;ipp;xsd</Extensions>
    </Filter>
    <Filter Include="Resource Files">
      <UniqueIdentifier>{67DA6AB6-F800-4c08-8B7A-83BB121AAD01}</UniqueIdentifier>
      <Extensions>rc;ico;cur;bmp;dlg;rc2;rct;bin;rgs;gif;jpg;jpeg;jpe;resx;tiff;tif;png;wav;mfcribbon-ms</Extensions>
    </Filter>
    <Filter Include="Source Files\Editor">
      <UniqueIdentifier>{ebf84dc0-8472-4844-bf4f-1a5bb919e11a}</UniqueIdentifier>
    </Filter>
    <Filter Include="Source Files\Tricky%27s Units">
      <UniqueIdentifier>{a207c51a-fa26-4943-8c70-443a24b04262}</UniqueIdentifier>
    </Filter>
    <Filter Include="Header Files\Editor">
      <UniqueIdentifier>{3144f2a3-e0fd-4b1f-b40b-8c173f21c046}</UniqueIdentifier>
    </Filter>
    <Filter Include="Source Files\JCR6">
      <UniqueIdentifier>{ab5c03c5-290f-4f21-8d6e-b16adf8f82a7}</UniqueIdentifier>
    </Filter>
  </ItemGroup>
  <ItemGroup>
    <ClCompile Include="Main.cpp">
      <Filter>Source Files\Editor</Filter>
    </ClCompile>
    <ClCompile Include="..\..\TrickyUnits\Source\ArgParse.cpp">
      <Filter>Source Files\Tricky%27s Units</Filter>
    </ClCompile>
    <ClCompile Include="..\..\TrickyUnits\Source\Ask.cpp">
      <Filter>Source Files\Tricky%27s Units</Filter>
    </ClCompile>
    <ClCompile Include="..\..\TrickyUnits\Source\Dirry.cpp">
      <Filter>Source Files\Tricky%27s Units</Filter>
    </ClCompile>
    <ClCompile Include="..\..\TrickyUnits\Source\FileList.cpp">
      <Filter>Source Files\Tricky%27s Units</Filter>
    </ClCompile>
    <ClCompile Include="..\..\TrickyUnits\Source\GINIE.cpp">
      <Filter>Source Files\Tricky%27s Units</Filter>
    </ClCompile>
    <ClCompile Include="..\..\TrickyUnits\Source\MD5.cpp">
      <Filter>Source Files\Tricky%27s Units</Filter>
    </ClCompile>
    <ClCompile Include="..\..\TrickyUnits\Source\QCol.cpp">
      <Filter>Source Files\Tricky%27s Units</Filter>
    </ClCompile>
    <ClCompile Include="..\..\TrickyUnits\Source\QuickInput.cpp">
      <Filter>Source Files\Tricky%27s Units</Filter>
    </ClCompile>
    <ClCompile Include="..\..\TrickyUnits\Source\QuickStream.cpp">
      <Filter>Source Files\Tricky%27s Units</Filter>
    </ClCompile>
    <ClCompile Include="..\..\TrickyUnits\Source\QuickString.cpp">
      <Filter>Source Files\Tricky%27s Units</Filter>
    </ClCompile>
    <ClCompile Include="..\..\TrickyUnits\Source\TrickyMath.cpp">
      <Filter>Source Files\Tricky%27s Units</Filter>
    </ClCompile>
    <ClCompile Include="..\..\TrickyUnits\Source\TrickySTOI.cpp">
      <Filter>Source Files\Tricky%27s Units</Filter>
    </ClCompile>
    <ClCompile Include="..\..\TrickyUnits\Source\TrickyTime.cpp">
      <Filter>Source Files\Tricky%27s Units</Filter>
    </ClCompile>
    <ClCompile Include="Globals.cpp">
      <Filter>Source Files\Editor</Filter>
    </ClCompile>
    <ClCompile Include="..\SupJCR\SupJCR.cpp">
      <Filter>Source Files\Editor</Filter>
    </ClCompile>
    <ClCompile Include="..\..\JCR6\src\jcr6_core.cpp">
      <Filter>Source Files\JCR6</Filter>
    </ClCompile>
    <ClCompile Include="..\..\JCR6\src\jcr6_zlib.cpp">
      <Filter>Source Files\JCR6</Filter>
    </ClCompile>
    <ClCompile Include="..\..\TrickyUnits\Source\Platform.cpp">
      <Filter>Source Files\Tricky%27s Units</Filter>
    </ClCompile>
    <ClCompile Include="..\..\JCR6\src\jcr6_realdir.cpp">
      <Filter>Source Files\JCR6</Filter>
    </ClCompile>
    <ClCompile Include="Textures.cpp">
      <Filter>Source Files\Editor</Filter>
    </ClCompile>
  </ItemGroup>
  <ItemGroup>
    <ClInclude Include="Globals.hpp">
      <Filter>Header Files\Editor</Filter>
    </ClInclude>
    <ClInclude Include="Textures.hpp">
      <Filter>Header Files\Editor</Filter>
    </ClInclude>
  </ItemGroup>
</Project>