
Microsoft Visual Studio Solution File, Format Version 12.00
# Visual Studio Version 17
VisualStudioVersion = 17.1.32407.343
MinimumVisualStudioVersion = 10.0.40219.1
Project("{8BC9CEB8-8B4A-11D0-8D11-00A0C91BC942}") = "Editor", "Editor\Editor.vcxproj", "{D4FDF2F0-FAF4-4139-8153-8A5A364F11FB}"
EndProject
Global
	GlobalSection(SolutionConfigurationPlatforms) = preSolution
		Debug|x64 = Debug|x64
		Debug|x86 = Debug|x86
		Release|x64 = Release|x64
		Release|x86 = Release|x86
	EndGlobalSection
	GlobalSection(ProjectConfigurationPlatforms) = postSolution
		{D4FDF2F0-FAF4-4139-8153-8A5A364F11FB}.Debug|x64.ActiveCfg = Debug|x64
		{D4FDF2F0-FAF4-4139-8153-8A5A364F11FB}.Debug|x64.Build.0 = Debug|x64
		{D4FDF2F0-FAF4-4139-8153-8A5A364F11FB}.Debug|x86.ActiveCfg = Debug|Win32
		{D4FDF2F0-FAF4-4139-8153-8A5A364F11FB}.Debug|x86.Build.0 = Debug|Win32
		{D4FDF2F0-FAF4-4139-8153-8A5A364F11FB}.Release|x64.ActiveCfg = Release|x64
		{D4FDF2F0-FAF4-4139-8153-8A5A364F11FB}.Release|x64.Build.0 = Release|x64
		{D4FDF2F0-FAF4-4139-8153-8A5A364F11FB}.Release|x86.ActiveCfg = Release|Win32
		{D4FDF2F0-FAF4-4139-8153-8A5A364F11FB}.Release|x86.Build.0 = Release|Win32
	EndGlobalSection
	GlobalSection(SolutionProperties) = preSolution
		HideSolutionNode = FALSE
	EndGlobalSection
	GlobalSection(ExtensibilityGlobals) = postSolution
		SolutionGuid = {E42C8859-D75E-4D83-AA39-C05F2F934236}
	EndGlobalSection
EndGlobal
