<?xml version="1.0" encoding="utf-8"?>
<Project ToolsVersion="4.0" xmlns="http://schemas.microsoft.com/developer/msbuild/2003">
  <ItemGroup>
    <Filter Include="Source Files">
      <UniqueIdentifier>{4FC737F1-C7A5-4376-A066-2A32D752A2FF}</UniqueIdentifier>
      <Extensions>cpp;c;cc;cxx;c++;cppm;ixx;def;odl;idl;hpj;bat;asm;asmx</Extensions>
    </Filter>
    <Filter Include="Header Files">
      <UniqueIdentifier>{93995380-89BD-4b04-88EB-625FBE52EBFB}</UniqueIdentifier>
      <Extensions>h;hh;hpp;hxx;h++;hm;inl;inc;ipp;xsd</Extensions>
    </Filter>
    <Filter Include="Resource Files">
      <UniqueIdentifier>{67DA6AB6-F800-4c08-8B7A-83BB121AAD01}</UniqueIdentifier>
      <Extensions>rc;ico;cur;bmp;dlg;rc2;rct;bin;rgs;gif;jpg;jpeg;jpe;resx;tiff;tif;png;wav;mfcribbon-ms</Extensions>
    </Filter>
    <Filter Include="Source Files\Editor">
      <UniqueIdentifier>{df439116-50dd-46ce-a6f4-56d56cef37df}</UniqueIdentifier>
    </Filter>
    <Filter Include="Header Files\Editor">
      <UniqueIdentifier>{571ede7e-7bdc-40a5-8d9b-aa38ba342391}</UniqueIdentifier>
    </Filter>
    <Filter Include="Source Files\Slyvina">
      <UniqueIdentifier>{f1e5244a-dfda-4c35-8174-c21e9f403025}</UniqueIdentifier>
    </Filter>
    <Filter Include="Source Files\Slyvina\Units">
      <UniqueIdentifier>{3979b6ce-b433-4dc5-b543-420c8495ee97}</UniqueIdentifier>
    </Filter>
    <Filter Include="Source Files\Slyvina\TQSG">
      <UniqueIdentifier>{7ea77822-0979-4e38-b4bb-ae26502e08ef}</UniqueIdentifier>
    </Filter>
    <Filter Include="Source Files\Slyvina\JCR6">
      <UniqueIdentifier>{5b1a32de-94ea-4052-9ae5-cc166d775665}</UniqueIdentifier>
    </Filter>
    <Filter Include="Source Files\Lua">
      <UniqueIdentifier>{f8002662-f345-4233-ab66-73e14fbd0ad4}</UniqueIdentifier>
    </Filter>
    <Filter Include="Source Files\Teddy Class">
      <UniqueIdentifier>{0824a0bd-7c98-4188-a60b-d1bf6768de85}</UniqueIdentifier>
    </Filter>
    <Filter Include="Header Files\Teddy Class">
      <UniqueIdentifier>{78df78d5-5418-4b2a-b61f-3161bd90b10f}</UniqueIdentifier>
    </Filter>
    <Filter Include="Header Files\Slyvina">
      <UniqueIdentifier>{f2d666f3-5579-4b43-8af3-7c22327ceb36}</UniqueIdentifier>
    </Filter>
    <Filter Include="Header Files\Slyvina\Units">
      <UniqueIdentifier>{6c5cf14e-ad4b-479c-9597-c8e656a850ee}</UniqueIdentifier>
    </Filter>
    <Filter Include="Copy">
      <UniqueIdentifier>{c6df2751-6144-4199-a829-43ad1cd162cc}</UniqueIdentifier>
    </Filter>
    <Filter Include="Copy\SDL2">
      <UniqueIdentifier>{0704d052-b070-45a3-bc4a-3d634f1d8b6f}</UniqueIdentifier>
    </Filter>
    <Filter Include="Copy\zlib">
      <UniqueIdentifier>{0334d644-8630-436f-8002-930194f47719}</UniqueIdentifier>
    </Filter>
    <Filter Include="Source Files\Slyvina\June19">
      <UniqueIdentifier>{f12d5fcd-f3c6-46e6-a654-9e010ad76fb5}</UniqueIdentifier>
    </Filter>
    <Filter Include="Header Files\Slyvina\June19">
      <UniqueIdentifier>{37b4f64d-d8cb-4a32-99ec-0adb987f151d}</UniqueIdentifier>
    </Filter>
  </ItemGroup>
  <ItemGroup>
    <ClCompile Include="..\..\Editor\Algemeen.cpp">
      <Filter>Source Files\Editor</Filter>
    </ClCompile>
    <ClCompile Include="..\..\Editor\Globals.cpp">
      <Filter>Source Files\Editor</Filter>
    </ClCompile>
    <ClCompile Include="..\..\Editor\Main.cpp">
      <Filter>Source Files\Editor</Filter>
    </ClCompile>
    <ClCompile Include="..\..\Editor\MapEdit.cpp">
      <Filter>Source Files\Editor</Filter>
    </ClCompile>
    <ClCompile Include="..\..\Editor\MetaEdit.cpp">
      <Filter>Source Files\Editor</Filter>
    </ClCompile>
    <ClCompile Include="..\..\Editor\Opslaan.cpp">
      <Filter>Source Files\Editor</Filter>
    </ClCompile>
    <ClCompile Include="..\..\Editor\RoomEdit.cpp">
      <Filter>Source Files\Editor</Filter>
    </ClCompile>
    <ClCompile Include="..\..\Editor\Run.cpp">
      <Filter>Source Files\Editor</Filter>
    </ClCompile>
    <ClCompile Include="..\..\Editor\Script_API.cpp">
      <Filter>Source Files\Editor</Filter>
    </ClCompile>
    <ClCompile Include="..\..\Editor\Textures.cpp">
      <Filter>Source Files\Editor</Filter>
    </ClCompile>
    <ClCompile Include="..\..\..\..\Libs\Units\Source\SlyvArgParse.cpp">
      <Filter>Source Files\Slyvina\Units</Filter>
    </ClCompile>
    <ClCompile Include="..\..\..\..\Libs\Units\Source\SlyvAsk.cpp">
      <Filter>Source Files\Slyvina\Units</Filter>
    </ClCompile>
    <ClCompile Include="..\..\..\..\Libs\Units\Source\SlyvBank.cpp">
      <Filter>Source Files\Slyvina\Units</Filter>
    </ClCompile>
    <ClCompile Include="..\..\..\..\Libs\Units\Source\SlyvDir.cpp">
      <Filter>Source Files\Slyvina\Units</Filter>
    </ClCompile>
    <ClCompile Include="..\..\..\..\Libs\Units\Source\SlyvDirry.cpp">
      <Filter>Source Files\Slyvina\Units</Filter>
    </ClCompile>
    <ClCompile Include="..\..\..\..\Libs\Units\Source\SlyvMD5.cpp">
      <Filter>Source Files\Slyvina\Units</Filter>
    </ClCompile>
    <ClCompile Include="..\..\..\..\Libs\Units\Source\SlyvQCol.cpp">
      <Filter>Source Files\Slyvina\Units</Filter>
    </ClCompile>
    <ClCompile Include="..\..\..\..\Libs\Units\Source\SlyvRequestFile.cpp">
      <Filter>Source Files\Slyvina\Units</Filter>
    </ClCompile>
    <ClCompile Include="..\..\..\..\Libs\Units\Source\SlyvSTOI.cpp">
      <Filter>Source Files\Slyvina\Units</Filter>
    </ClCompile>
    <ClCompile Include="..\..\..\..\Libs\Units\Source\SlyvStream.cpp">
      <Filter>Source Files\Slyvina\Units</Filter>
    </ClCompile>
    <ClCompile Include="..\..\..\..\Libs\Units\Source\SlyvString.cpp">
      <Filter>Source Files\Slyvina\Units</Filter>
    </ClCompile>
    <ClCompile Include="..\..\..\..\Libs\Units\Source\SlyvTime.cpp">
      <Filter>Source Files\Slyvina\Units</Filter>
    </ClCompile>
    <ClCompile Include="..\..\..\..\Libs\Units\Source\SlyvVolumes.cpp">
      <Filter>Source Files\Slyvina\Units</Filter>
    </ClCompile>
    <ClCompile Include="..\..\..\..\Libs\TQSL\Source\TQSA.cpp">
      <Filter>Source Files\Slyvina\TQSG</Filter>
    </ClCompile>
    <ClCompile Include="..\..\..\..\Libs\TQSL\Source\TQSE.cpp">
      <Filter>Source Files\Slyvina\TQSG</Filter>
    </ClCompile>
    <ClCompile Include="..\..\..\..\Libs\TQSL\Source\TQSG.cpp">
      <Filter>Source Files\Slyvina\TQSG</Filter>
    </ClCompile>
    <ClCompile Include="..\..\..\..\Libs\JCR6\Source\JCR6_Core.cpp">
      <Filter>Source Files\Slyvina\JCR6</Filter>
    </ClCompile>
    <ClCompile Include="..\..\..\..\Libs\JCR6\Source\JCR6_JQL.cpp">
      <Filter>Source Files\Slyvina\JCR6</Filter>
    </ClCompile>
    <ClCompile Include="..\..\..\..\Libs\JCR6\Source\JCR6_RealDir.cpp">
      <Filter>Source Files\Slyvina\JCR6</Filter>
    </ClCompile>
    <ClCompile Include="..\..\..\..\Libs\JCR6\Source\JCR6_Write.cpp">
      <Filter>Source Files\Slyvina\JCR6</Filter>
    </ClCompile>
    <ClCompile Include="..\..\..\..\Libs\JCR6\Source\JCR6_zlib.cpp">
      <Filter>Source Files\Slyvina\JCR6</Filter>
    </ClCompile>
    <ClCompile Include="..\..\..\..\Libs\Lunatic\Lua\Raw\src\lzio.c">
      <Filter>Source Files\Lua</Filter>
    </ClCompile>
    <ClCompile Include="..\..\..\..\Libs\Lunatic\Lua\Raw\src\lvm.c">
      <Filter>Source Files\Lua</Filter>
    </ClCompile>
    <ClCompile Include="..\..\..\..\Libs\Lunatic\Lua\Raw\src\lutf8lib.c">
      <Filter>Source Files\Lua</Filter>
    </ClCompile>
    <ClCompile Include="..\..\..\..\Libs\Lunatic\Lua\Raw\src\lundump.c">
      <Filter>Source Files\Lua</Filter>
    </ClCompile>
    <ClCompile Include="..\..\..\..\Libs\Lunatic\Lua\Raw\src\ltm.c">
      <Filter>Source Files\Lua</Filter>
    </ClCompile>
    <ClCompile Include="..\..\..\..\Libs\Lunatic\Lua\Raw\src\ltablib.c">
      <Filter>Source Files\Lua</Filter>
    </ClCompile>
    <ClCompile Include="..\..\..\..\Libs\Lunatic\Lua\Raw\src\ltable.c">
      <Filter>Source Files\Lua</Filter>
    </ClCompile>
    <ClCompile Include="..\..\..\..\Libs\Lunatic\Lua\Raw\src\lstrlib.c">
      <Filter>Source Files\Lua</Filter>
    </ClCompile>
    <ClCompile Include="..\..\..\..\Libs\Lunatic\Lua\Raw\src\lstring.c">
      <Filter>Source Files\Lua</Filter>
    </ClCompile>
    <ClCompile Include="..\..\..\..\Libs\Lunatic\Lua\Raw\src\lstate.c">
      <Filter>Source Files\Lua</Filter>
    </ClCompile>
    <ClCompile Include="..\..\..\..\Libs\Lunatic\Lua\Raw\src\lparser.c">
      <Filter>Source Files\Lua</Filter>
    </ClCompile>
    <ClCompile Include="..\..\..\..\Libs\Lunatic\Lua\Raw\src\loslib.c">
      <Filter>Source Files\Lua</Filter>
    </ClCompile>
    <ClCompile Include="..\..\..\..\Libs\Lunatic\Lua\Raw\src\lopcodes.c">
      <Filter>Source Files\Lua</Filter>
    </ClCompile>
    <ClCompile Include="..\..\..\..\Libs\Lunatic\Lua\Raw\src\lobject.c">
      <Filter>Source Files\Lua</Filter>
    </ClCompile>
    <ClCompile Include="..\..\..\..\Libs\Lunatic\Lua\Raw\src\loadlib.c">
      <Filter>Source Files\Lua</Filter>
    </ClCompile>
    <ClCompile Include="..\..\..\..\Libs\Lunatic\Lua\Raw\src\lmem.c">
      <Filter>Source Files\Lua</Filter>
    </ClCompile>
    <ClCompile Include="..\..\..\..\Libs\Lunatic\Lua\Raw\src\lmathlib.c">
      <Filter>Source Files\Lua</Filter>
    </ClCompile>
    <ClCompile Include="..\..\..\..\Libs\Lunatic\Lua\Raw\src\llex.c">
      <Filter>Source Files\Lua</Filter>
    </ClCompile>
    <ClCompile Include="..\..\..\..\Libs\Lunatic\Lua\Raw\src\liolib.c">
      <Filter>Source Files\Lua</Filter>
    </ClCompile>
    <ClCompile Include="..\..\..\..\Libs\Lunatic\Lua\Raw\src\linit.c">
      <Filter>Source Files\Lua</Filter>
    </ClCompile>
    <ClCompile Include="..\..\..\..\Libs\Lunatic\Lua\Raw\src\lgc.c">
      <Filter>Source Files\Lua</Filter>
    </ClCompile>
    <ClCompile Include="..\..\..\..\Libs\Lunatic\Lua\Raw\src\lfunc.c">
      <Filter>Source Files\Lua</Filter>
    </ClCompile>
    <ClCompile Include="..\..\..\..\Libs\Lunatic\Lua\Raw\src\ldump.c">
      <Filter>Source Files\Lua</Filter>
    </ClCompile>
    <ClCompile Include="..\..\..\..\Libs\Lunatic\Lua\Raw\src\ldo.c">
      <Filter>Source Files\Lua</Filter>
    </ClCompile>
    <ClCompile Include="..\..\..\..\Libs\Lunatic\Lua\Raw\src\ldebug.c">
      <Filter>Source Files\Lua</Filter>
    </ClCompile>
    <ClCompile Include="..\..\..\..\Libs\Lunatic\Lua\Raw\src\ldblib.c">
      <Filter>Source Files\Lua</Filter>
    </ClCompile>
    <ClCompile Include="..\..\..\..\Libs\Lunatic\Lua\Raw\src\lctype.c">
      <Filter>Source Files\Lua</Filter>
    </ClCompile>
    <ClCompile Include="..\..\..\..\Libs\Lunatic\Lua\Raw\src\lcorolib.c">
      <Filter>Source Files\Lua</Filter>
    </ClCompile>
    <ClCompile Include="..\..\..\..\Libs\Lunatic\Lua\Raw\src\lcode.c">
      <Filter>Source Files\Lua</Filter>
    </ClCompile>
    <ClCompile Include="..\..\..\..\Libs\Lunatic\Lua\Raw\src\lbaselib.c">
      <Filter>Source Files\Lua</Filter>
    </ClCompile>
    <ClCompile Include="..\..\..\..\Libs\Lunatic\Lua\Raw\src\lauxlib.c">
      <Filter>Source Files\Lua</Filter>
    </ClCompile>
    <ClCompile Include="..\..\..\..\Libs\Lunatic\Lua\Raw\src\lapi.c">
      <Filter>Source Files\Lua</Filter>
    </ClCompile>
    <ClCompile Include="..\..\C++ Class\source\SuperTed_Core.cpp">
      <Filter>Source Files\Teddy Class</Filter>
    </ClCompile>
    <ClCompile Include="..\..\C++ Class\source\SuperTed_Draw_TQSG.cpp">
      <Filter>Source Files\Teddy Class</Filter>
    </ClCompile>
    <ClCompile Include="..\..\C++ Class\source\SuperTed_Save.cpp">
      <Filter>Source Files\Teddy Class</Filter>
    </ClCompile>
    <ClCompile Include="..\..\..\..\Libs\June19\src\june19_picture.cpp">
      <Filter>Source Files\Slyvina\June19</Filter>
    </ClCompile>
    <ClCompile Include="..\..\..\..\Libs\June19\src\june19_radio.cpp">
      <Filter>Source Files\Slyvina\June19</Filter>
    </ClCompile>
    <ClCompile Include="..\..\..\..\Libs\June19\src\june19_scrollbar.cpp">
      <Filter>Source Files\Slyvina\June19</Filter>
    </ClCompile>
    <ClCompile Include="..\..\..\..\Libs\June19\src\june19_tabber.cpp">
      <Filter>Source Files\Slyvina\June19</Filter>
    </ClCompile>
    <ClCompile Include="..\..\..\..\Libs\June19\src\june19_textfield.cpp">
      <Filter>Source Files\Slyvina\June19</Filter>
    </ClCompile>
    <ClCompile Include="..\..\..\..\Libs\June19\src\june19_button.cpp">
      <Filter>Source Files\Slyvina\June19</Filter>
    </ClCompile>
    <ClCompile Include="..\..\..\..\Libs\June19\src\june19_checkbox.cpp">
      <Filter>Source Files\Slyvina\June19</Filter>
    </ClCompile>
    <ClCompile Include="..\..\..\..\Libs\June19\src\june19_core.cpp">
      <Filter>Source Files\Slyvina\June19</Filter>
    </ClCompile>
    <ClCompile Include="..\..\..\..\Libs\June19\src\june19_label.cpp">
      <Filter>Source Files\Slyvina\June19</Filter>
    </ClCompile>
    <ClCompile Include="..\..\..\..\Libs\June19\src\june19_listbox.cpp">
      <Filter>Source Files\Slyvina\June19</Filter>
    </ClCompile>
    <ClCompile Include="..\..\SupJCR\SupJCR.cpp">
      <Filter>Source Files\Editor</Filter>
    </ClCompile>
  </ItemGroup>
  <ItemGroup>
    <ClInclude Include="..\..\Editor\Algemeen.hpp">
      <Filter>Header Files\Editor</Filter>
    </ClInclude>
    <ClInclude Include="..\..\Editor\Globals.hpp">
      <Filter>Header Files\Editor</Filter>
    </ClInclude>
    <ClInclude Include="..\..\Editor\MapEdit.hpp">
      <Filter>Header Files\Editor</Filter>
    </ClInclude>
    <ClInclude Include="..\..\Editor\MetaEdit.hpp">
      <Filter>Header Files\Editor</Filter>
    </ClInclude>
    <ClInclude Include="..\..\Editor\Opslaan.hpp">
      <Filter>Header Files\Editor</Filter>
    </ClInclude>
    <ClInclude Include="..\..\Editor\RoomEdit.hpp">
      <Filter>Header Files\Editor</Filter>
    </ClInclude>
    <ClInclude Include="..\..\Editor\Run.hpp">
      <Filter>Header Files\Editor</Filter>
    </ClInclude>
    <ClInclude Include="..\..\Editor\Script_API.hpp">
      <Filter>Header Files\Editor</Filter>
    </ClInclude>
    <ClInclude Include="..\..\Editor\Textures.hpp">
      <Filter>Header Files\Editor</Filter>
    </ClInclude>
    <ClInclude Include="..\..\C++ Class\headers\SuperTed_Core.hpp">
      <Filter>Header Files\Teddy Class</Filter>
    </ClInclude>
    <ClInclude Include="..\..\C++ Class\headers\SuperTed_Draw_TQSG.hpp">
      <Filter>Header Files\Teddy Class</Filter>
    </ClInclude>
    <ClInclude Include="..\..\C++ Class\headers\SuperTed_Save.hpp">
      <Filter>Header Files\Teddy Class</Filter>
    </ClInclude>
    <ClInclude Include="..\..\..\..\Libs\Units\Headers\DieParse.hpp">
      <Filter>Header Files\Slyvina\Units</Filter>
    </ClInclude>
    <ClInclude Include="..\..\..\..\Libs\Units\Headers\Slyv2DArray.hpp">
      <Filter>Header Files\Slyvina\Units</Filter>
    </ClInclude>
    <ClInclude Include="..\..\..\..\Libs\Units\Headers\SlyvArgParse.hpp">
      <Filter>Header Files\Slyvina\Units</Filter>
    </ClInclude>
    <ClInclude Include="..\..\..\..\Libs\Units\Headers\SlyvAsk.hpp">
      <Filter>Header Files\Slyvina\Units</Filter>
    </ClInclude>
    <ClInclude Include="..\..\..\..\Libs\Units\Headers\SlyvBank.hpp">
      <Filter>Header Files\Slyvina\Units</Filter>
    </ClInclude>
    <ClInclude Include="..\..\..\..\Libs\Units\Headers\SlyvConInput.hpp">
      <Filter>Header Files\Slyvina\Units</Filter>
    </ClInclude>
    <ClInclude Include="..\..\..\..\Libs\Units\Headers\SlyvDir.hpp">
      <Filter>Header Files\Slyvina\Units</Filter>
    </ClInclude>
    <ClInclude Include="..\..\..\..\Libs\Units\Headers\SlyvDirry.hpp">
      <Filter>Header Files\Slyvina\Units</Filter>
    </ClInclude>
    <ClInclude Include="..\..\..\..\Libs\Units\Headers\SlyvEndian.hpp">
      <Filter>Header Files\Slyvina\Units</Filter>
    </ClInclude>
    <ClInclude Include="..\..\..\..\Libs\Units\Headers\SlyvGINIE.hpp">
      <Filter>Header Files\Slyvina\Units</Filter>
    </ClInclude>
    <ClInclude Include="..\..\..\..\Libs\Units\Headers\SlyvHSVRGB.hpp">
      <Filter>Header Files\Slyvina\Units</Filter>
    </ClInclude>
    <ClInclude Include="..\..\..\..\Libs\Units\Headers\Slyvina.hpp">
      <Filter>Header Files\Slyvina\Units</Filter>
    </ClInclude>
    <ClInclude Include="..\..\..\..\Libs\Units\Headers\SlyvMD5.hpp">
      <Filter>Header Files\Slyvina\Units</Filter>
    </ClInclude>
    <ClInclude Include="..\..\..\..\Libs\Units\Headers\SlyvMKL.hpp">
      <Filter>Header Files\Slyvina\Units</Filter>
    </ClInclude>
    <ClInclude Include="..\..\..\..\Libs\Units\Headers\SlyvQCol.hpp">
      <Filter>Header Files\Slyvina\Units</Filter>
    </ClInclude>
    <ClInclude Include="..\..\..\..\Libs\Units\Headers\SlyvQuickHead.hpp">
      <Filter>Header Files\Slyvina\Units</Filter>
    </ClInclude>
    <ClInclude Include="..\..\..\..\Libs\Units\Headers\SlyvRandom.hpp">
      <Filter>Header Files\Slyvina\Units</Filter>
    </ClInclude>
    <ClInclude Include="..\..\..\..\Libs\Units\Headers\SlyvRequestFile.hpp">
      <Filter>Header Files\Slyvina\Units</Filter>
    </ClInclude>
    <ClInclude Include="..\..\..\..\Libs\Units\Headers\SlyvSTOI.hpp">
      <Filter>Header Files\Slyvina\Units</Filter>
    </ClInclude>
    <ClInclude Include="..\..\..\..\Libs\Units\Headers\SlyvStream.hpp">
      <Filter>Header Files\Slyvina\Units</Filter>
    </ClInclude>
    <ClInclude Include="..\..\..\..\Libs\Units\Headers\SlyvString.hpp">
      <Filter>Header Files\Slyvina\Units</Filter>
    </ClInclude>
    <ClInclude Include="..\..\..\..\Libs\Units\Headers\SlyvTime.hpp">
      <Filter>Header Files\Slyvina\Units</Filter>
    </ClInclude>
    <ClInclude Include="..\..\..\..\Libs\Units\Headers\SlyvVecSearch.hpp">
      <Filter>Header Files\Slyvina\Units</Filter>
    </ClInclude>
    <ClInclude Include="..\..\..\..\Libs\Units\Headers\SlyvVolumes.hpp">
      <Filter>Header Files\Slyvina\Units</Filter>
    </ClInclude>
    <ClInclude Include="..\..\..\..\Libs\June19\head\june19_radio.hpp">
      <Filter>Header Files\Slyvina\June19</Filter>
    </ClInclude>
    <ClInclude Include="..\..\..\..\Libs\June19\head\june19_scrollbar.hpp">
      <Filter>Header Files\Slyvina\June19</Filter>
    </ClInclude>
    <ClInclude Include="..\..\..\..\Libs\June19\head\june19_tabber.hpp">
      <Filter>Header Files\Slyvina\June19</Filter>
    </ClInclude>
    <ClInclude Include="..\..\..\..\Libs\June19\head\june19_textfield.hpp">
      <Filter>Header Files\Slyvina\June19</Filter>
    </ClInclude>
    <ClInclude Include="..\..\..\..\Libs\June19\head\june19.hpp">
      <Filter>Header Files\Slyvina\June19</Filter>
    </ClInclude>
    <ClInclude Include="..\..\..\..\Libs\June19\head\june19_button.hpp">
      <Filter>Header Files\Slyvina\June19</Filter>
    </ClInclude>
    <ClInclude Include="..\..\..\..\Libs\June19\head\june19_checkbox.hpp">
      <Filter>Header Files\Slyvina\June19</Filter>
    </ClInclude>
    <ClInclude Include="..\..\..\..\Libs\June19\head\june19_core.hpp">
      <Filter>Header Files\Slyvina\June19</Filter>
    </ClInclude>
    <ClInclude Include="..\..\..\..\Libs\June19\head\june19_label.hpp">
      <Filter>Header Files\Slyvina\June19</Filter>
    </ClInclude>
    <ClInclude Include="..\..\..\..\Libs\June19\head\june19_listbox.hpp">
      <Filter>Header Files\Slyvina\June19</Filter>
    </ClInclude>
    <ClInclude Include="..\..\..\..\Libs\June19\head\june19_picture.hpp">
      <Filter>Header Files\Slyvina\June19</Filter>
    </ClInclude>
  </ItemGroup>
  <ItemGroup>
    <CopyFileToFolders Include="..\..\..\..\Libs\TQSL\SDL2\libFLAC-8.dll">
      <Filter>Copy\SDL2</Filter>
    </CopyFileToFolders>
    <CopyFileToFolders Include="..\..\..\..\Libs\JCR6\3rdParty\zlib\zlib.dll">
      <Filter>Copy\zlib</Filter>
    </CopyFileToFolders>
    <CopyFileToFolders Include="..\..\..\..\Libs\TQSL\SDL2\libjpeg-9.dll">
      <Filter>Copy\SDL2</Filter>
    </CopyFileToFolders>
    <CopyFileToFolders Include="..\..\..\..\Libs\TQSL\SDL2\libmodplug-1.dll">
      <Filter>Copy\SDL2</Filter>
    </CopyFileToFolders>
    <CopyFileToFolders Include="..\..\..\..\Libs\TQSL\SDL2\libmpg123-0.dll">
      <Filter>Copy\SDL2</Filter>
    </CopyFileToFolders>
    <CopyFileToFolders Include="..\..\..\..\Libs\TQSL\SDL2\libogg-0.dll">
      <Filter>Copy\SDL2</Filter>
    </CopyFileToFolders>
    <CopyFileToFolders Include="..\..\..\..\Libs\TQSL\SDL2\libopus-0.dll">
      <Filter>Copy\SDL2</Filter>
    </CopyFileToFolders>
    <CopyFileToFolders Include="..\..\..\..\Libs\TQSL\SDL2\libopusfile-0.dll">
      <Filter>Copy\SDL2</Filter>
    </CopyFileToFolders>
    <CopyFileToFolders Include="..\..\..\..\Libs\TQSL\SDL2\libpng16-16.dll">
      <Filter>Copy\SDL2</Filter>
    </CopyFileToFolders>
    <CopyFileToFolders Include="..\..\..\..\Libs\TQSL\SDL2\libtiff-5.dll">
      <Filter>Copy\SDL2</Filter>
    </CopyFileToFolders>
    <CopyFileToFolders Include="..\..\..\..\Libs\TQSL\SDL2\libvorbis-0.dll">
      <Filter>Copy\SDL2</Filter>
    </CopyFileToFolders>
    <CopyFileToFolders Include="..\..\..\..\Libs\TQSL\SDL2\libvorbisfile-3.dll">
      <Filter>Copy\SDL2</Filter>
    </CopyFileToFolders>
    <CopyFileToFolders Include="..\..\..\..\Libs\TQSL\SDL2\libwebp-7.dll">
      <Filter>Copy\SDL2</Filter>
    </CopyFileToFolders>
    <CopyFileToFolders Include="..\..\..\..\Libs\TQSL\SDL2\SDL2.dll">
      <Filter>Copy\SDL2</Filter>
    </CopyFileToFolders>
    <CopyFileToFolders Include="..\..\..\..\Libs\TQSL\SDL2\SDL2_image.dll">
      <Filter>Copy\SDL2</Filter>
    </CopyFileToFolders>
    <CopyFileToFolders Include="..\..\..\..\Libs\TQSL\SDL2\SDL2_mixer.dll">
      <Filter>Copy\SDL2</Filter>
    </CopyFileToFolders>
    <CopyFileToFolders Include="..\..\..\..\Libs\TQSL\SDL2\zlib1.dll">
      <Filter>Copy\SDL2</Filter>
    </CopyFileToFolders>
  </ItemGroup>
</Project>